
Microsoft Visual Studio Solution File, Format Version 12.00
# Visual Studio Version 16
VisualStudioVersion = 16.0.30225.117
MinimumVisualStudioVersion = 10.0.40219.1
Project("{FAE04EC0-301F-11D3-BF4B-00C04F79EFBC}") = "Core", "Core\Core.csproj", "{DD330866-3C07-4CDB-AB9B-BEB67345EEAD}"
EndProject
Global
	GlobalSection(SolutionConfigurationPlatforms) = preSolution
		Debug|Any CPU = Debug|Any CPU
		Release|Any CPU = Release|Any CPU
	EndGlobalSection
	GlobalSection(ProjectConfigurationPlatforms) = postSolution
		{DD330866-3C07-4CDB-AB9B-BEB67345EEAD}.Debug|Any CPU.ActiveCfg = Debug|Any CPU
		{DD330866-3C07-4CDB-AB9B-BEB67345EEAD}.Debug|Any CPU.Build.0 = Debug|Any CPU
		{DD330866-3C07-4CDB-AB9B-BEB67345EEAD}.Release|Any CPU.ActiveCfg = Release|Any CPU
		{DD330866-3C07-4CDB-AB9B-BEB67345EEAD}.Release|Any CPU.Build.0 = Release|Any CPU
	EndGlobalSection
	GlobalSection(SolutionProperties) = preSolution
		HideSolutionNode = FALSE
	EndGlobalSection
	GlobalSection(ExtensibilityGlobals) = postSolution
		SolutionGuid = {77DDBB2C-2483-42D9-ADA6-8155951EACDB}
	EndGlobalSection
EndGlobal
